
Microsoft Visual Studio Solution File, Format Version 12.00
# Visual Studio 15
VisualStudioVersion = 15.0.28307.136
MinimumVisualStudioVersion = 10.0.40219.1
Project("{FAE04EC0-301F-11D3-BF4B-00C04F79EFBC}") = "Task8_StikerScenario", "Task8_StikerScenario\Task8_StikerScenario.csproj", "{542F34DD-D3AA-4911-B5C5-F502C9742759}"
EndProject
Global
	GlobalSection(SolutionConfigurationPlatforms) = preSolution
		Debug|Any CPU = Debug|Any CPU
		Release|Any CPU = Release|Any CPU
	EndGlobalSection
	GlobalSection(ProjectConfigurationPlatforms) = postSolution
		{542F34DD-D3AA-4911-B5C5-F502C9742759}.Debug|Any CPU.ActiveCfg = Debug|Any CPU
		{542F34DD-D3AA-4911-B5C5-F502C9742759}.Debug|Any CPU.Build.0 = Debug|Any CPU
		{542F34DD-D3AA-4911-B5C5-F502C9742759}.Release|Any CPU.ActiveCfg = Release|Any CPU
		{542F34DD-D3AA-4911-B5C5-F502C9742759}.Release|Any CPU.Build.0 = Release|Any CPU
	EndGlobalSection
	GlobalSection(SolutionProperties) = preSolution
		HideSolutionNode = FALSE
	EndGlobalSection
	GlobalSection(ExtensibilityGlobals) = postSolution
		SolutionGuid = {73D6310E-F68E-45C2-B3B9-F52D197F578B}
	EndGlobalSection
EndGlobal
