
Microsoft Visual Studio Solution File, Format Version 12.00
# Visual Studio 15
VisualStudioVersion = 15.0.28307.136
MinimumVisualStudioVersion = 10.0.40219.1
Project("{FAE04EC0-301F-11D3-BF4B-00C04F79EFBC}") = "Task11_RegScenario", "Task11_RegScenario\Task11_RegScenario.csproj", "{E0B5BD68-29DA-4027-8FD0-E4CB7AEDC1CF}"
EndProject
Global
	GlobalSection(SolutionConfigurationPlatforms) = preSolution
		Debug|Any CPU = Debug|Any CPU
		Release|Any CPU = Release|Any CPU
	EndGlobalSection
	GlobalSection(ProjectConfigurationPlatforms) = postSolution
		{E0B5BD68-29DA-4027-8FD0-E4CB7AEDC1CF}.Debug|Any CPU.ActiveCfg = Debug|Any CPU
		{E0B5BD68-29DA-4027-8FD0-E4CB7AEDC1CF}.Debug|Any CPU.Build.0 = Debug|Any CPU
		{E0B5BD68-29DA-4027-8FD0-E4CB7AEDC1CF}.Release|Any CPU.ActiveCfg = Release|Any CPU
		{E0B5BD68-29DA-4027-8FD0-E4CB7AEDC1CF}.Release|Any CPU.Build.0 = Release|Any CPU
	EndGlobalSection
	GlobalSection(SolutionProperties) = preSolution
		HideSolutionNode = FALSE
	EndGlobalSection
	GlobalSection(ExtensibilityGlobals) = postSolution
		SolutionGuid = {5DB6DC5A-A9ED-4A31-B21D-17B184EE8636}
	EndGlobalSection
EndGlobal
